
Microsoft Visual Studio Solution File, Format Version 12.00
# Visual Studio Version 16
VisualStudioVersion = 16.0.29411.108
MinimumVisualStudioVersion = 10.0.40219.1
Project("{9A19103F-16F7-4668-BE54-9A1E7A4F7556}") = "Core", "Core\Core.csproj", "{D514ADCF-8D05-49A1-B607-64D435E2FAEA}"
EndProject
Project("{9A19103F-16F7-4668-BE54-9A1E7A4F7556}") = "TodoApp.WebUI", "TodoApp.WebUI\TodoApp.WebUI.csproj", "{C0D7BBBB-1847-4C03-B270-871E2E3E5EFF}"
EndProject
Project("{9A19103F-16F7-4668-BE54-9A1E7A4F7556}") = "TodoApp.Entities", "TodoApp.Entities\TodoApp.Entities.csproj", "{13211BE0-C8E7-496C-A0FE-BCCA425CB4B4}"
EndProject
Project("{FAE04EC0-301F-11D3-BF4B-00C04F79EFBC}") = "TodoApp.Business", "TodoApp.Business\TodoApp.Business.csproj", "{85903128-D503-40C9-9AA9-6E5E16BAA33B}"
EndProject
Project("{FAE04EC0-301F-11D3-BF4B-00C04F79EFBC}") = "TodoApp.DTO", "TodoApp.DTO\TodoApp.DTO.csproj", "{C88F48F1-20FA-44DB-9535-BD63A9D94790}"
EndProject
Project("{FAE04EC0-301F-11D3-BF4B-00C04F79EFBC}") = "TodoApp.DataAccess", "TodoApp.DataAccess\TodoApp.DataAccess.csproj", "{065191E5-4F90-43AD-AA25-6A0C80EDFC5D}"
EndProject
Global
	GlobalSection(SolutionConfigurationPlatforms) = preSolution
		Debug|Any CPU = Debug|Any CPU
		Release|Any CPU = Release|Any CPU
	EndGlobalSection
	GlobalSection(ProjectConfigurationPlatforms) = postSolution
		{D514ADCF-8D05-49A1-B607-64D435E2FAEA}.Debug|Any CPU.ActiveCfg = Debug|Any CPU
		{D514ADCF-8D05-49A1-B607-64D435E2FAEA}.Debug|Any CPU.Build.0 = Debug|Any CPU
		{D514ADCF-8D05-49A1-B607-64D435E2FAEA}.Release|Any CPU.ActiveCfg = Release|Any CPU
		{D514ADCF-8D05-49A1-B607-64D435E2FAEA}.Release|Any CPU.Build.0 = Release|Any CPU
		{C0D7BBBB-1847-4C03-B270-871E2E3E5EFF}.Debug|Any CPU.ActiveCfg = Debug|Any CPU
		{C0D7BBBB-1847-4C03-B270-871E2E3E5EFF}.Debug|Any CPU.Build.0 = Debug|Any CPU
		{C0D7BBBB-1847-4C03-B270-871E2E3E5EFF}.Release|Any CPU.ActiveCfg = Release|Any CPU
		{C0D7BBBB-1847-4C03-B270-871E2E3E5EFF}.Release|Any CPU.Build.0 = Release|Any CPU
		{13211BE0-C8E7-496C-A0FE-BCCA425CB4B4}.Debug|Any CPU.ActiveCfg = Debug|Any CPU
		{13211BE0-C8E7-496C-A0FE-BCCA425CB4B4}.Debug|Any CPU.Build.0 = Debug|Any CPU
		{13211BE0-C8E7-496C-A0FE-BCCA425CB4B4}.Release|Any CPU.ActiveCfg = Release|Any CPU
		{13211BE0-C8E7-496C-A0FE-BCCA425CB4B4}.Release|Any CPU.Build.0 = Release|Any CPU
		{85903128-D503-40C9-9AA9-6E5E16BAA33B}.Debug|Any CPU.ActiveCfg = Debug|Any CPU
		{85903128-D503-40C9-9AA9-6E5E16BAA33B}.Debug|Any CPU.Build.0 = Debug|Any CPU
		{85903128-D503-40C9-9AA9-6E5E16BAA33B}.Release|Any CPU.ActiveCfg = Release|Any CPU
		{85903128-D503-40C9-9AA9-6E5E16BAA33B}.Release|Any CPU.Build.0 = Release|Any CPU
		{C88F48F1-20FA-44DB-9535-BD63A9D94790}.Debug|Any CPU.ActiveCfg = Debug|Any CPU
		{C88F48F1-20FA-44DB-9535-BD63A9D94790}.Debug|Any CPU.Build.0 = Debug|Any CPU
		{C88F48F1-20FA-44DB-9535-BD63A9D94790}.Release|Any CPU.ActiveCfg = Release|Any CPU
		{C88F48F1-20FA-44DB-9535-BD63A9D94790}.Release|Any CPU.Build.0 = Release|Any CPU
		{065191E5-4F90-43AD-AA25-6A0C80EDFC5D}.Debug|Any CPU.ActiveCfg = Debug|Any CPU
		{065191E5-4F90-43AD-AA25-6A0C80EDFC5D}.Debug|Any CPU.Build.0 = Debug|Any CPU
		{065191E5-4F90-43AD-AA25-6A0C80EDFC5D}.Release|Any CPU.ActiveCfg = Release|Any CPU
		{065191E5-4F90-43AD-AA25-6A0C80EDFC5D}.Release|Any CPU.Build.0 = Release|Any CPU
	EndGlobalSection
	GlobalSection(SolutionProperties) = preSolution
		HideSolutionNode = FALSE
	EndGlobalSection
	GlobalSection(ExtensibilityGlobals) = postSolution
		SolutionGuid = {2436D4EA-9321-46E9-8509-9DE548EEBD87}
	EndGlobalSection
EndGlobal
